{
  "originHash" : "8f2024c4425567ad9fe81142a3e1b45bb96dd73a44dafa0a8d1c5f700e1b130e",
  "pins" : [
    {
      "identity" : "pushwoosh-xcframework",
      "kind" : "remoteSourceControl",
      "location" : "https://github.com/Pushwoosh/Pushwoosh-XCFramework.git",
      "state" : {
        "revision" : "f5c2aa6ecc69bb0fb8c7030ad2ab9067cfcba8c8",
        "version" : "6.7.9"
      }
    }
  ],
  "version" : 3
}
