// !$*UTF8*$!
{
	archiveVersion = 1;
	classes = {
	};
	objectVersion = 56;
	objects = {

/* Begin PBXBuildFile section */
		0046A17514E5AAE763429237 /* MonetizationView.swift in Sources */ = {isa = PBXBuildFile; fileRef = B7FE6813E2194A9871A4C643 /* MonetizationView.swift */; };
		03266DC3088247269E64140F /* RadioBroadcastAttributes.swift in Sources */ = {isa = PBXBuildFile; fileRef = 2B51D72EDD58451D94CB5F31 /* RadioBroadcastAttributes.swift */; };
		09CEBDEC235A4F6E9A68F952 /* RadioLiveActivityView.swift in Sources */ = {isa = PBXBuildFile; fileRef = CBB5C86FBCF7496687BB5EE3 /* RadioLiveActivityView.swift */; };
		1199EC72EDDF46C4B2B751FE /* StoryReelAttributes.swift in Sources */ = {isa = PBXBuildFile; fileRef = 4BAF0D824C96962D50286449 /* StoryReelAttributes.swift */; };
		1F117EBA4AE53574061FE000 /* Product.swift in Sources */ = {isa = PBXBuildFile; fileRef = 2BB7D7B9A43C03E5F446254B /* Product.swift */; };
		27AA17BB8C97CA72CA682B1D /* UserView.swift in Sources */ = {isa = PBXBuildFile; fileRef = BC56EAC2F3087167AA52106F /* UserView.swift */; };
		29A67985B2C6CC406D09E891 /* CartView.swift in Sources */ = {isa = PBXBuildFile; fileRef = F223C2D8A834ADFD6A16B139 /* CartView.swift */; };
		35E202F20DEBA4643A7BEFF7 /* ElectionAttributes.swift in Sources */ = {isa = PBXBuildFile; fileRef = AC556420342822A8452D847D /* ElectionAttributes.swift */; };
		37B184AE8406623F4CE0678E /* DefaultLiveActivity.swift in Sources */ = {isa = PBXBuildFile; fileRef = DA8B746D669D56EFFB3145DF /* DefaultLiveActivity.swift */; };
		3A1D90677B35BE639375C2A5 /* ProfileTabView.swift in Sources */ = {isa = PBXBuildFile; fileRef = 4D0E908013CD5F6FDB3C9214 /* ProfileTabView.swift */; };
		40E541F0D8C5B3EE17958184 /* LiveScoreView.swift in Sources */ = {isa = PBXBuildFile; fileRef = 31FE162F898AF9CD8D49E0E6 /* LiveScoreView.swift */; };
		440E52A52CE39B97006555DD /* Actions.swift in Sources */ = {isa = PBXBuildFile; fileRef = 440E52952CE39B18006555DD /* Actions.swift */; };
		440E52A72CE39B97006555DD /* ContentView.swift in Sources */ = {isa = PBXBuildFile; fileRef = 440E529B2CE39B18006555DD /* ContentView.swift */; };
		440E52A82CE39B97006555DD /* PushwooshSampleApp.swift in Sources */ = {isa = PBXBuildFile; fileRef = 440E529E2CE39B18006555DD /* PushwooshSampleApp.swift */; };
		440E52A92CE39B97006555DD /* Notifications.swift in Sources */ = {isa = PBXBuildFile; fileRef = 440E529F2CE39B18006555DD /* Notifications.swift */; };
		440E52AA2CE39B9C006555DD /* NotificationService.swift in Sources */ = {isa = PBXBuildFile; fileRef = 440E52A32CE39B18006555DD /* NotificationService.swift */; };
		4413A58C2FD1BD78006E86FD /* UserNotifications.framework in Frameworks */ = {isa = PBXBuildFile; fileRef = 4413A58B2FD1BD78006E86FD /* UserNotifications.framework */; };
		4413A58E2FD1BD78006E86FD /* UserNotificationsUI.framework in Frameworks */ = {isa = PBXBuildFile; fileRef = 4413A58D2FD1BD78006E86FD /* UserNotificationsUI.framework */; };
		4413A5982FD1BD78006E86FD /* ContentExtension.appex in Embed Foundation Extensions */ = {isa = PBXBuildFile; fileRef = 4413A58A2FD1BD78006E86FD /* ContentExtension.appex */; settings = {ATTRIBUTES = (RemoveHeadersOnCopy, ); }; };
		4413A5B010000000000000F4 /* NotificationViewController.swift in Sources */ = {isa = PBXBuildFile; fileRef = 4413A5B010000000000000F1 /* NotificationViewController.swift */; };
		4426D9C82FBF4FB8006E1CE7 /* WidgetKit.framework in Frameworks */ = {isa = PBXBuildFile; fileRef = 4426D9C72FBF4FB8006E1CE7 /* WidgetKit.framework */; };
		4426D9CA2FBF4FB8006E1CE7 /* SwiftUI.framework in Frameworks */ = {isa = PBXBuildFile; fileRef = 4426D9C92FBF4FB8006E1CE7 /* SwiftUI.framework */; };
		4426D9D72FBF4FBB006E1CE7 /* LiveActivityDemoExtension.appex in Embed Foundation Extensions */ = {isa = PBXBuildFile; fileRef = 4426D9C62FBF4FB8006E1CE7 /* LiveActivityDemoExtension.appex */; settings = {ATTRIBUTES = (RemoveHeadersOnCopy, ); }; };
		443384222C0E0A2500C476DD /* SettingsTests.swift in Sources */ = {isa = PBXBuildFile; fileRef = 443384212C0E0A2500C476DD /* SettingsTests.swift */; };
		44ADD1CE00010000000000A1 /* Assets.xcassets in Resources */ = {isa = PBXBuildFile; fileRef = 440E529A2CE39B18006555DD /* Assets.xcassets */; };
		44EDFF0A2BC98BB200ED242F /* NotificationService.appex in Embed Foundation Extensions */ = {isa = PBXBuildFile; fileRef = 44EDFF032BC98BB200ED242F /* NotificationService.appex */; settings = {ATTRIBUTES = (RemoveHeadersOnCopy, ); }; };
		44EDFF202BCDA0CE00ED242F /* AppDelegateIntegration.swift in Sources */ = {isa = PBXBuildFile; fileRef = 44EDFF1F2BCDA0CE00ED242F /* AppDelegateIntegration.swift */; };
		44EDFF272BCDA35800ED242F /* NotificationsTest.swift in Sources */ = {isa = PBXBuildFile; fileRef = 44EDFF262BCDA35800ED242F /* NotificationsTest.swift */; };
		44LAD0010001000000000001 /* Assets.xcassets in Resources */ = {isa = PBXBuildFile; fileRef = 44LAD0020001000000000001 /* Assets.xcassets */; };
		44LAD0010001000000000002 /* LiveActivityDemo.swift in Sources */ = {isa = PBXBuildFile; fileRef = 44LAD0020001000000000002 /* LiveActivityDemo.swift */; };
		44LAD0010001000000000003 /* LiveActivityDemoAttributes.swift in Sources */ = {isa = PBXBuildFile; fileRef = 44LAD0020001000000000003 /* LiveActivityDemoAttributes.swift */; };
		44LAD0010001000000000004 /* LiveActivityDemoBundle.swift in Sources */ = {isa = PBXBuildFile; fileRef = 44LAD0020001000000000004 /* LiveActivityDemoBundle.swift */; };
		44LAD0010001000000000005 /* LiveActivityDemoLiveActivity.swift in Sources */ = {isa = PBXBuildFile; fileRef = 44LAD0020001000000000005 /* LiveActivityDemoLiveActivity.swift */; };
		44LAD0010001000000000006 /* LiveActivityDemoAttributes.swift in Sources */ = {isa = PBXBuildFile; fileRef = 44LAD0020001000000000003 /* LiveActivityDemoAttributes.swift */; };
		4A8F2947FC92A6692FB5433A /* LiveActivitiesView.swift in Sources */ = {isa = PBXBuildFile; fileRef = 37AEFBB6D3104619DAC8D5BF /* LiveActivitiesView.swift */; };
		59A409F9271E4E02007B5365 /* ElectionLiveActivityView.swift in Sources */ = {isa = PBXBuildFile; fileRef = 197AD5E980B92B1FC6F45C06 /* ElectionLiveActivityView.swift */; };
		5D99096B70C62749A3249FB9 /* ResultPresenter.swift in Sources */ = {isa = PBXBuildFile; fileRef = 730C1400FEEF51903261DA58 /* ResultPresenter.swift */; };
		5EB8555879F45F5F5E0EA06B /* ElectionActivity.swift in Sources */ = {isa = PBXBuildFile; fileRef = 6B7D0DAA1E92CDEFFADD835B /* ElectionActivity.swift */; };
		648308D755C9E0A9B3EA445E /* DeveloperView.swift in Sources */ = {isa = PBXBuildFile; fileRef = D81DC20AB784A523D91F998E /* DeveloperView.swift */; };
		701548745F4A3AF06476559C /* InAppMessagesView.swift in Sources */ = {isa = PBXBuildFile; fileRef = 6DFB9D63104FBD4D6F9AA39C /* InAppMessagesView.swift */; };
		776566E23ADF50BDE3604A37 /* StoryReelAttributes.swift in Sources */ = {isa = PBXBuildFile; fileRef = 4BAF0D824C96962D50286449 /* StoryReelAttributes.swift */; };
		79A5EFE4B33CE1D8F1867157 /* Localizable.xcstrings in Resources */ = {isa = PBXBuildFile; fileRef = 14FB0A46DBEF58ADBA4FEEC9 /* Localizable.xcstrings */; };
		7CE0A85CD394777F5281F544 /* OnboardingFlow.swift in Sources */ = {isa = PBXBuildFile; fileRef = 423B40A8D897E49BA99AE244 /* OnboardingFlow.swift */; };
		7EE6EA088570722CE6B3D698 /* SupportView.swift in Sources */ = {isa = PBXBuildFile; fileRef = 2F6FF7D25306CB0EFA2D7510 /* SupportView.swift */; };
		84CA7B37F56E183559089155 /* PushwooshHelper.swift in Sources */ = {isa = PBXBuildFile; fileRef = 0535BCC718AA9746274050A2 /* PushwooshHelper.swift */; };
		874380CE8665DC4B7C8700D0 /* RootTabView.swift in Sources */ = {isa = PBXBuildFile; fileRef = 061F4EE94DCBF04AC553DBA8 /* RootTabView.swift */; };
		8DDFF6F5A28DC1B9F4C58B5E /* Theme.swift in Sources */ = {isa = PBXBuildFile; fileRef = F96C29C15023CB873706F032 /* Theme.swift */; };
		9522BB923BF2215230C78E28 /* PrivacyInfo.xcprivacy in Resources */ = {isa = PBXBuildFile; fileRef = 006E9CE3B6861A650439B537 /* PrivacyInfo.xcprivacy */; };
		9E40390893D1DE9A8BE0F339 /* DeepLinkRouter.swift in Sources */ = {isa = PBXBuildFile; fileRef = 3A4C77F9DDAA8EF85132EC3E /* DeepLinkRouter.swift */; };
		9E839F55F99281D842B024F0 /* StoryReelActivity.swift in Sources */ = {isa = PBXBuildFile; fileRef = 43F6A58F198FE9D37D0D2D0E /* StoryReelActivity.swift */; };
		A07F40B7F2B84801AA6939E5 /* RadioBroadcastAttributes.swift in Sources */ = {isa = PBXBuildFile; fileRef = 2B51D72EDD58451D94CB5F31 /* RadioBroadcastAttributes.swift */; };
		A0A9F0000000000000000701 /* VoIPController.swift in Sources */ = {isa = PBXBuildFile; fileRef = A0A9F0000000000000000702 /* VoIPController.swift */; };
		A7C4D91E2B11AA22BB33CC01 /* InAppDemoScreens.swift in Sources */ = {isa = PBXBuildFile; fileRef = A7C4D91E2B11AA22BB33CC02 /* InAppDemoScreens.swift */; };
		A9CBBF9914B1A51714384F63 /* SettingsView.swift in Sources */ = {isa = PBXBuildFile; fileRef = 49237E84D72713266B80C9BB /* SettingsView.swift */; };
		B1B2B3B4B5B6B7B8B9BABBBC /* InboxKitView.swift in Sources */ = {isa = PBXBuildFile; fileRef = C1C2C3C4C5C6C7C8C9CACBCC /* InboxKitView.swift */; };
		B3F068E548D4DE2600EE4FE5 /* NotificationsView.swift in Sources */ = {isa = PBXBuildFile; fileRef = 00ECA0E9A6670A4E7345C675 /* NotificationsView.swift */; };
		B71906F692298194708CF196 /* DeviceInfoView.swift in Sources */ = {isa = PBXBuildFile; fileRef = 0EDF59DEAA59F2DF7990DA7D /* DeviceInfoView.swift */; };
		BDAC77AA94E74BF0A16E5956 /* RadioBroadcastActivity.swift in Sources */ = {isa = PBXBuildFile; fileRef = FC1B58B199C34108A4EBD6DB /* RadioBroadcastActivity.swift */; };
		CC55CC55CC55CC55CC55CC55 /* PromoCaptionedCell.swift in Sources */ = {isa = PBXBuildFile; fileRef = CC66CC66CC66CC66CC66CC66 /* PromoCaptionedCell.swift */; };
		D1884FA1BB5C1CC07D4C2786 /* ElectionAttributes.swift in Sources */ = {isa = PBXBuildFile; fileRef = AC556420342822A8452D847D /* ElectionAttributes.swift */; };
		D3249506E573A0953DAFE2AC /* RegistrationView.swift in Sources */ = {isa = PBXBuildFile; fileRef = CAB2D244DF1921BA1CCB8366 /* RegistrationView.swift */; };
		D9ECA01F8CB4CA996299C97F /* CommunicationView.swift in Sources */ = {isa = PBXBuildFile; fileRef = FFCA11CD4D3B9E958790FFF7 /* CommunicationView.swift */; };
		E057B79B9B7D8A6AEE2FB326 /* LiveScoreAttributes.swift in Sources */ = {isa = PBXBuildFile; fileRef = 1BEE2DE4C38D1F8C9F165058 /* LiveScoreAttributes.swift */; };
		E1F0F4CC8E0B831673A48C24 /* AppGate.swift in Sources */ = {isa = PBXBuildFile; fileRef = ECAD570046C716DF92405E7E /* AppGate.swift */; };
		E4DC09FBF8645BB2537253F1 /* TagsView.swift in Sources */ = {isa = PBXBuildFile; fileRef = EC24A65424E20D8924C8FDA9 /* TagsView.swift */; };
		EC4F2F0E5539AF0EA4DA3FB9 /* LiveScoreAttributes.swift in Sources */ = {isa = PBXBuildFile; fileRef = 1BEE2DE4C38D1F8C9F165058 /* LiveScoreAttributes.swift */; };
		F1A2B3C4D5E6F78901234567 /* MediaView.swift in Sources */ = {isa = PBXBuildFile; fileRef = A1B2C3D4E5F6789012345678 /* MediaView.swift */; };
		F38AF88FF7B036E09BC7BB6E /* InboxDataView.swift in Sources */ = {isa = PBXBuildFile; fileRef = A6EF1E01A813F4F8B9E27A6D /* InboxDataView.swift */; };
		F88D6149E0EBA078A08E72F3 /* LiveScoreActivity.swift in Sources */ = {isa = PBXBuildFile; fileRef = 64E294DB0B7EFFE5F26E00B9 /* LiveScoreActivity.swift */; };
/* End PBXBuildFile section */

/* Begin PBXContainerItemProxy section */
		4413A5962FD1BD78006E86FD /* PBXContainerItemProxy */ = {
			isa = PBXContainerItemProxy;
			containerPortal = 44556FCB2BC96D6000E92413 /* Project object */;
			proxyType = 1;
			remoteGlobalIDString = 4413A5892FD1BD78006E86FD;
			remoteInfo = ContentExtension;
		};
		4426D9D52FBF4FBB006E1CE7 /* PBXContainerItemProxy */ = {
			isa = PBXContainerItemProxy;
			containerPortal = 44556FCB2BC96D6000E92413 /* Project object */;
			proxyType = 1;
			remoteGlobalIDString = 4426D9C52FBF4FB8006E1CE7;
			remoteInfo = LiveActivityDemoExtension;
		};
		44EDFF212BCDA0CE00ED242F /* PBXContainerItemProxy */ = {
			isa = PBXContainerItemProxy;
			containerPortal = 44556FCB2BC96D6000E92413 /* Project object */;
			proxyType = 1;
			remoteGlobalIDString = 44556FD22BC96D6000E92413;
			remoteInfo = newdemo;
		};
/* End PBXContainerItemProxy section */

/* Begin PBXCopyFilesBuildPhase section */
		4433841E2C0E041D00C476DD /* Embed Frameworks */ = {
			isa = PBXCopyFilesBuildPhase;
			buildActionMask = 2147483647;
			dstPath = "";
			dstSubfolderSpec = 10;
			files = (
			);
			name = "Embed Frameworks";
			runOnlyForDeploymentPostprocessing = 0;
		};
		449A5B932F6BECD9005A0C93 /* Embed App Clips */ = {
			isa = PBXCopyFilesBuildPhase;
			buildActionMask = 2147483647;
			dstPath = "$(CONTENTS_FOLDER_PATH)/AppClips";
			dstSubfolderSpec = 16;
			files = (
			);
			name = "Embed App Clips";
			runOnlyForDeploymentPostprocessing = 0;
		};
		44EDFF0E2BC98BB200ED242F /* Embed Foundation Extensions */ = {
			isa = PBXCopyFilesBuildPhase;
			buildActionMask = 2147483647;
			dstPath = "";
			dstSubfolderSpec = 13;
			files = (
				4426D9D72FBF4FBB006E1CE7 /* LiveActivityDemoExtension.appex in Embed Foundation Extensions */,
				44EDFF0A2BC98BB200ED242F /* NotificationService.appex in Embed Foundation Extensions */,
				4413A5982FD1BD78006E86FD /* ContentExtension.appex in Embed Foundation Extensions */,
			);
			name = "Embed Foundation Extensions";
			runOnlyForDeploymentPostprocessing = 0;
		};
/* End PBXCopyFilesBuildPhase section */

/* Begin PBXFileReference section */
		006E9CE3B6861A650439B537 /* PrivacyInfo.xcprivacy */ = {isa = PBXFileReference; includeInIndex = 1; lastKnownFileType = text.xml; path = PrivacyInfo.xcprivacy; sourceTree = "<group>"; };
		00ECA0E9A6670A4E7345C675 /* NotificationsView.swift */ = {isa = PBXFileReference; includeInIndex = 1; lastKnownFileType = sourcecode.swift; path = NotificationsView.swift; sourceTree = "<group>"; };
		0535BCC718AA9746274050A2 /* PushwooshHelper.swift */ = {isa = PBXFileReference; includeInIndex = 1; lastKnownFileType = sourcecode.swift; path = PushwooshHelper.swift; sourceTree = "<group>"; };
		060F9F7A79469EEF1CC0861A /* MonetizationView.swift */ = {isa = PBXFileReference; includeInIndex = 1; lastKnownFileType = sourcecode.swift; name = MonetizationView.swift; path = Views/MonetizationView.swift; sourceTree = "<group>"; };
		061F4EE94DCBF04AC553DBA8 /* RootTabView.swift */ = {isa = PBXFileReference; includeInIndex = 1; lastKnownFileType = sourcecode.swift; path = RootTabView.swift; sourceTree = "<group>"; };
		0EDF59DEAA59F2DF7990DA7D /* DeviceInfoView.swift */ = {isa = PBXFileReference; includeInIndex = 1; lastKnownFileType = sourcecode.swift; path = DeviceInfoView.swift; sourceTree = "<group>"; };
		14FB0A46DBEF58ADBA4FEEC9 /* Localizable.xcstrings */ = {isa = PBXFileReference; includeInIndex = 1; lastKnownFileType = text.json.xcstrings; path = Localizable.xcstrings; sourceTree = "<group>"; };
		197AD5E980B92B1FC6F45C06 /* ElectionLiveActivityView.swift */ = {isa = PBXFileReference; includeInIndex = 1; lastKnownFileType = sourcecode.swift; path = ElectionLiveActivityView.swift; sourceTree = "<group>"; };
		1A2BFF0A4BF8CFD57BF52F22 /* TagsView.swift */ = {isa = PBXFileReference; includeInIndex = 1; lastKnownFileType = sourcecode.swift; name = TagsView.swift; path = Views/TagsView.swift; sourceTree = "<group>"; };
		1BEE2DE4C38D1F8C9F165058 /* LiveScoreAttributes.swift */ = {isa = PBXFileReference; includeInIndex = 1; lastKnownFileType = sourcecode.swift; path = LiveScoreAttributes.swift; sourceTree = "<group>"; };
		25641123A1CCE56547233DEB /* DeviceInfoView.swift */ = {isa = PBXFileReference; includeInIndex = 1; lastKnownFileType = sourcecode.swift; name = DeviceInfoView.swift; path = Views/DeviceInfoView.swift; sourceTree = "<group>"; };
		2B51D72EDD58451D94CB5F31 /* RadioBroadcastAttributes.swift */ = {isa = PBXFileReference; includeInIndex = 1; lastKnownFileType = sourcecode.swift; path = RadioBroadcastAttributes.swift; sourceTree = "<group>"; };
		2B8E67B391369BF4A0B0CBF1 /* SideMenu.swift */ = {isa = PBXFileReference; includeInIndex = 1; lastKnownFileType = sourcecode.swift; name = SideMenu.swift; path = Components/SideMenu.swift; sourceTree = "<group>"; };
		2BB7D7B9A43C03E5F446254B /* Product.swift */ = {isa = PBXFileReference; includeInIndex = 1; lastKnownFileType = sourcecode.swift; path = Product.swift; sourceTree = "<group>"; };
		2F6FF7D25306CB0EFA2D7510 /* SupportView.swift */ = {isa = PBXFileReference; includeInIndex = 1; lastKnownFileType = sourcecode.swift; path = SupportView.swift; sourceTree = "<group>"; };
		31FE162F898AF9CD8D49E0E6 /* LiveScoreView.swift */ = {isa = PBXFileReference; includeInIndex = 1; lastKnownFileType = sourcecode.swift; path = LiveScoreView.swift; sourceTree = "<group>"; };
		37AEFBB6D3104619DAC8D5BF /* LiveActivitiesView.swift */ = {isa = PBXFileReference; includeInIndex = 1; lastKnownFileType = sourcecode.swift; path = LiveActivitiesView.swift; sourceTree = "<group>"; };
		388A50ADF94BA9205B78BA70 /* PushwooshGeozones.xcframework */ = {isa = PBXFileReference; includeInIndex = 1; lastKnownFileType = wrapper.xcframework; name = PushwooshGeozones.xcframework; path = ../../../Pushwoosh/iOS_SDK/Framework/PushwooshGeozones.xcframework; sourceTree = "<group>"; };
		3A4C77F9DDAA8EF85132EC3E /* DeepLinkRouter.swift */ = {isa = PBXFileReference; includeInIndex = 1; lastKnownFileType = sourcecode.swift; path = DeepLinkRouter.swift; sourceTree = "<group>"; };
		423B40A8D897E49BA99AE244 /* OnboardingFlow.swift */ = {isa = PBXFileReference; includeInIndex = 1; lastKnownFileType = sourcecode.swift; name = OnboardingFlow.swift; path = PushwooshSampleApp/Onboarding/OnboardingFlow.swift; sourceTree = "<group>"; };
		43F6A58F198FE9D37D0D2D0E /* StoryReelActivity.swift */ = {isa = PBXFileReference; includeInIndex = 1; lastKnownFileType = sourcecode.swift; path = StoryReelActivity.swift; sourceTree = "<group>"; };
		440E52952CE39B18006555DD /* Actions.swift */ = {isa = PBXFileReference; lastKnownFileType = sourcecode.swift; path = Actions.swift; sourceTree = "<group>"; };
		440E52982CE39B18006555DD /* Preview Assets.xcassets */ = {isa = PBXFileReference; lastKnownFileType = folder.assetcatalog; path = "Preview Assets.xcassets"; sourceTree = "<group>"; };
		440E529A2CE39B18006555DD /* Assets.xcassets */ = {isa = PBXFileReference; lastKnownFileType = folder.assetcatalog; path = Assets.xcassets; sourceTree = "<group>"; };
		440E529B2CE39B18006555DD /* ContentView.swift */ = {isa = PBXFileReference; lastKnownFileType = sourcecode.swift; path = ContentView.swift; sourceTree = "<group>"; };
		440E529C2CE39B18006555DD /* Info.plist */ = {isa = PBXFileReference; lastKnownFileType = text.plist.xml; path = Info.plist; sourceTree = "<group>"; };
		440E529D2CE39B18006555DD /* PushwooshSampleApp.entitlements */ = {isa = PBXFileReference; lastKnownFileType = text.plist.entitlements; path = PushwooshSampleApp.entitlements; sourceTree = "<group>"; };
		440E529E2CE39B18006555DD /* PushwooshSampleApp.swift */ = {isa = PBXFileReference; lastKnownFileType = sourcecode.swift; path = PushwooshSampleApp.swift; sourceTree = "<group>"; };
		440E529F2CE39B18006555DD /* Notifications.swift */ = {isa = PBXFileReference; lastKnownFileType = sourcecode.swift; path = Notifications.swift; sourceTree = "<group>"; };
		440E52A12CE39B18006555DD /* Info.plist */ = {isa = PBXFileReference; lastKnownFileType = text.plist.xml; path = Info.plist; sourceTree = "<group>"; };
		440E52A22CE39B18006555DD /* NotificationService.entitlements */ = {isa = PBXFileReference; lastKnownFileType = text.plist.entitlements; path = NotificationService.entitlements; sourceTree = "<group>"; };
		440E52A32CE39B18006555DD /* NotificationService.swift */ = {isa = PBXFileReference; lastKnownFileType = sourcecode.swift; path = NotificationService.swift; sourceTree = "<group>"; };
		4413A58A2FD1BD78006E86FD /* ContentExtension.appex */ = {isa = PBXFileReference; explicitFileType = "wrapper.app-extension"; includeInIndex = 0; path = ContentExtension.appex; sourceTree = BUILT_PRODUCTS_DIR; };
		4413A58B2FD1BD78006E86FD /* UserNotifications.framework */ = {isa = PBXFileReference; lastKnownFileType = wrapper.framework; name = UserNotifications.framework; path = System/Library/Frameworks/UserNotifications.framework; sourceTree = SDKROOT; };
		4413A58D2FD1BD78006E86FD /* UserNotificationsUI.framework */ = {isa = PBXFileReference; lastKnownFileType = wrapper.framework; name = UserNotificationsUI.framework; path = System/Library/Frameworks/UserNotificationsUI.framework; sourceTree = SDKROOT; };
		4413A5B010000000000000F1 /* NotificationViewController.swift */ = {isa = PBXFileReference; lastKnownFileType = sourcecode.swift; path = NotificationViewController.swift; sourceTree = "<group>"; };
		4413A5B010000000000000F2 /* ContentExtension.entitlements */ = {isa = PBXFileReference; lastKnownFileType = text.plist.entitlements; path = ContentExtension.entitlements; sourceTree = "<group>"; };
		4413A5B010000000000000F3 /* Info.plist */ = {isa = PBXFileReference; lastKnownFileType = text.plist.xml; path = Info.plist; sourceTree = "<group>"; };
		4426D9C62FBF4FB8006E1CE7 /* LiveActivityDemoExtension.appex */ = {isa = PBXFileReference; explicitFileType = "wrapper.app-extension"; includeInIndex = 0; path = LiveActivityDemoExtension.appex; sourceTree = BUILT_PRODUCTS_DIR; };
		4426D9C72FBF4FB8006E1CE7 /* WidgetKit.framework */ = {isa = PBXFileReference; lastKnownFileType = wrapper.framework; name = WidgetKit.framework; path = System/Library/Frameworks/WidgetKit.framework; sourceTree = SDKROOT; };
		4426D9C92FBF4FB8006E1CE7 /* SwiftUI.framework */ = {isa = PBXFileReference; lastKnownFileType = wrapper.framework; name = SwiftUI.framework; path = System/Library/Frameworks/SwiftUI.framework; sourceTree = SDKROOT; };
		443384212C0E0A2500C476DD /* SettingsTests.swift */ = {isa = PBXFileReference; lastKnownFileType = sourcecode.swift; path = SettingsTests.swift; sourceTree = "<group>"; };
		44556FD32BC96D6000E92413 /* PushwooshSampleApp.app */ = {isa = PBXFileReference; explicitFileType = wrapper.application; includeInIndex = 0; path = PushwooshSampleApp.app; sourceTree = BUILT_PRODUCTS_DIR; };
		44EDFF032BC98BB200ED242F /* NotificationService.appex */ = {isa = PBXFileReference; explicitFileType = "wrapper.app-extension"; includeInIndex = 0; path = NotificationService.appex; sourceTree = BUILT_PRODUCTS_DIR; };
		44EDFF1D2BCDA0CE00ED242F /* PushwooshSampleAppTests.xctest */ = {isa = PBXFileReference; explicitFileType = wrapper.cfbundle; includeInIndex = 0; path = PushwooshSampleAppTests.xctest; sourceTree = BUILT_PRODUCTS_DIR; };
		44EDFF1F2BCDA0CE00ED242F /* AppDelegateIntegration.swift */ = {isa = PBXFileReference; lastKnownFileType = sourcecode.swift; path = AppDelegateIntegration.swift; sourceTree = "<group>"; };
		44EDFF262BCDA35800ED242F /* NotificationsTest.swift */ = {isa = PBXFileReference; lastKnownFileType = sourcecode.swift; path = NotificationsTest.swift; sourceTree = "<group>"; };
		44LAD0020001000000000001 /* Assets.xcassets */ = {isa = PBXFileReference; lastKnownFileType = folder.assetcatalog; path = Assets.xcassets; sourceTree = "<group>"; };
		44LAD0020001000000000002 /* LiveActivityDemo.swift */ = {isa = PBXFileReference; lastKnownFileType = sourcecode.swift; path = LiveActivityDemo.swift; sourceTree = "<group>"; };
		44LAD0020001000000000003 /* LiveActivityDemoAttributes.swift */ = {isa = PBXFileReference; lastKnownFileType = sourcecode.swift; path = LiveActivityDemoAttributes.swift; sourceTree = "<group>"; };
		44LAD0020001000000000004 /* LiveActivityDemoBundle.swift */ = {isa = PBXFileReference; lastKnownFileType = sourcecode.swift; path = LiveActivityDemoBundle.swift; sourceTree = "<group>"; };
		44LAD0020001000000000005 /* LiveActivityDemoLiveActivity.swift */ = {isa = PBXFileReference; lastKnownFileType = sourcecode.swift; path = LiveActivityDemoLiveActivity.swift; sourceTree = "<group>"; };
		44LAD0020001000000000006 /* Info.plist */ = {isa = PBXFileReference; lastKnownFileType = text.plist.xml; path = Info.plist; sourceTree = "<group>"; };
		49237E84D72713266B80C9BB /* SettingsView.swift */ = {isa = PBXFileReference; includeInIndex = 1; lastKnownFileType = sourcecode.swift; path = SettingsView.swift; sourceTree = "<group>"; };
		4BAF0D824C96962D50286449 /* StoryReelAttributes.swift */ = {isa = PBXFileReference; includeInIndex = 1; lastKnownFileType = sourcecode.swift; path = StoryReelAttributes.swift; sourceTree = "<group>"; };
		4D0E908013CD5F6FDB3C9214 /* ProfileTabView.swift */ = {isa = PBXFileReference; includeInIndex = 1; lastKnownFileType = sourcecode.swift; path = ProfileTabView.swift; sourceTree = "<group>"; };
		4D7CE3B3145A724CF9CCAA57 /* PushwooshCore.xcframework */ = {isa = PBXFileReference; includeInIndex = 1; lastKnownFileType = wrapper.xcframework; name = PushwooshCore.xcframework; path = ../../../Pushwoosh/iOS_SDK/Framework/PushwooshCore.xcframework; sourceTree = "<group>"; };
		4EAFD9AF3681C5CB3396B850 /* CommunicationView.swift */ = {isa = PBXFileReference; includeInIndex = 1; lastKnownFileType = sourcecode.swift; name = CommunicationView.swift; path = Views/CommunicationView.swift; sourceTree = "<group>"; };
		57361A985743883301390D63 /* PushwooshSampleApp-Bridging-Header.h */ = {isa = PBXFileReference; includeInIndex = 1; lastKnownFileType = sourcecode.c.h; path = "PushwooshSampleApp-Bridging-Header.h"; sourceTree = "<group>"; };
		64E294DB0B7EFFE5F26E00B9 /* LiveScoreActivity.swift */ = {isa = PBXFileReference; includeInIndex = 1; lastKnownFileType = sourcecode.swift; path = LiveScoreActivity.swift; sourceTree = "<group>"; };
		6A6FC4AC8DB27BF75F87170B /* SettingsView.swift */ = {isa = PBXFileReference; includeInIndex = 1; lastKnownFileType = sourcecode.swift; name = SettingsView.swift; path = Views/SettingsView.swift; sourceTree = "<group>"; };
		6B7D0DAA1E92CDEFFADD835B /* ElectionActivity.swift */ = {isa = PBXFileReference; includeInIndex = 1; lastKnownFileType = sourcecode.swift; path = ElectionActivity.swift; sourceTree = "<group>"; };
		6DFB9D63104FBD4D6F9AA39C /* InAppMessagesView.swift */ = {isa = PBXFileReference; includeInIndex = 1; lastKnownFileType = sourcecode.swift; path = InAppMessagesView.swift; sourceTree = "<group>"; };
		710B014DF4524DFB08474981 /* PushwooshFramework.xcframework */ = {isa = PBXFileReference; includeInIndex = 1; lastKnownFileType = wrapper.xcframework; name = PushwooshFramework.xcframework; path = ../../../Pushwoosh/iOS_SDK/Framework/PushwooshFramework.xcframework; sourceTree = "<group>"; };
		730C1400FEEF51903261DA58 /* ResultPresenter.swift */ = {isa = PBXFileReference; includeInIndex = 1; lastKnownFileType = sourcecode.swift; path = ResultPresenter.swift; sourceTree = "<group>"; };
		A03E7CB6290F7C6D3939FD09 /* RegistrationView.swift */ = {isa = PBXFileReference; includeInIndex = 1; lastKnownFileType = sourcecode.swift; name = RegistrationView.swift; path = Views/RegistrationView.swift; sourceTree = "<group>"; };
		A0A9F0000000000000000702 /* VoIPController.swift */ = {isa = PBXFileReference; includeInIndex = 1; lastKnownFileType = sourcecode.swift; path = VoIPController.swift; sourceTree = "<group>"; };
		A1B2C3D4E5F6789012345678 /* MediaView.swift */ = {isa = PBXFileReference; includeInIndex = 1; lastKnownFileType = sourcecode.swift; path = MediaView.swift; sourceTree = "<group>"; };
		A6EF1E01A813F4F8B9E27A6D /* InboxDataView.swift */ = {isa = PBXFileReference; includeInIndex = 1; lastKnownFileType = sourcecode.swift; path = InboxDataView.swift; sourceTree = "<group>"; };
		A7C4D91E2B11AA22BB33CC02 /* InAppDemoScreens.swift */ = {isa = PBXFileReference; includeInIndex = 1; lastKnownFileType = sourcecode.swift; path = InAppDemoScreens.swift; sourceTree = "<group>"; };
		AC556420342822A8452D847D /* ElectionAttributes.swift */ = {isa = PBXFileReference; includeInIndex = 1; lastKnownFileType = sourcecode.swift; path = ElectionAttributes.swift; sourceTree = "<group>"; };
		B509FDE14E171852249FC32D /* UserView.swift */ = {isa = PBXFileReference; includeInIndex = 1; lastKnownFileType = sourcecode.swift; name = UserView.swift; path = Views/UserView.swift; sourceTree = "<group>"; };
		B68B52F7B69DC6A99FA15DAC /* NotificationsView.swift */ = {isa = PBXFileReference; includeInIndex = 1; lastKnownFileType = sourcecode.swift; name = NotificationsView.swift; path = Views/NotificationsView.swift; sourceTree = "<group>"; };
		B7FE6813E2194A9871A4C643 /* MonetizationView.swift */ = {isa = PBXFileReference; includeInIndex = 1; lastKnownFileType = sourcecode.swift; path = MonetizationView.swift; sourceTree = "<group>"; };
		BB000002AC000000000AC001 /* PushwooshSampleAppClipApp.swift */ = {isa = PBXFileReference; lastKnownFileType = sourcecode.swift; path = PushwooshSampleAppClipApp.swift; sourceTree = "<group>"; };
		BB000002AC000000000AC002 /* RestaurantView.swift */ = {isa = PBXFileReference; lastKnownFileType = sourcecode.swift; path = RestaurantView.swift; sourceTree = "<group>"; };
		BB000002AC000000000AC003 /* Assets.xcassets */ = {isa = PBXFileReference; lastKnownFileType = folder.assetcatalog; path = Assets.xcassets; sourceTree = "<group>"; };
		BB000002AC000000000AC004 /* Info.plist */ = {isa = PBXFileReference; lastKnownFileType = text.plist.xml; path = Info.plist; sourceTree = "<group>"; };
		BB000002AC000000000AC005 /* PushwooshSampleAppClip.entitlements */ = {isa = PBXFileReference; lastKnownFileType = text.plist.entitlements; path = PushwooshSampleAppClip.entitlements; sourceTree = "<group>"; };
		BC56EAC2F3087167AA52106F /* UserView.swift */ = {isa = PBXFileReference; includeInIndex = 1; lastKnownFileType = sourcecode.swift; path = UserView.swift; sourceTree = "<group>"; };
		C1C2C3C4C5C6C7C8C9CACBCC /* InboxKitView.swift */ = {isa = PBXFileReference; includeInIndex = 1; lastKnownFileType = sourcecode.swift; path = InboxKitView.swift; sourceTree = "<group>"; };
		CAB2D244DF1921BA1CCB8366 /* RegistrationView.swift */ = {isa = PBXFileReference; includeInIndex = 1; lastKnownFileType = sourcecode.swift; path = RegistrationView.swift; sourceTree = "<group>"; };
		CBB5C86FBCF7496687BB5EE3 /* RadioLiveActivityView.swift */ = {isa = PBXFileReference; includeInIndex = 1; lastKnownFileType = sourcecode.swift; path = RadioLiveActivityView.swift; sourceTree = "<group>"; };
		CC66CC66CC66CC66CC66CC66 /* PromoCaptionedCell.swift */ = {isa = PBXFileReference; includeInIndex = 1; lastKnownFileType = sourcecode.swift; path = PromoCaptionedCell.swift; sourceTree = "<group>"; };
		D81DC20AB784A523D91F998E /* DeveloperView.swift */ = {isa = PBXFileReference; includeInIndex = 1; lastKnownFileType = sourcecode.swift; path = DeveloperView.swift; sourceTree = "<group>"; };
		DA8B746D669D56EFFB3145DF /* DefaultLiveActivity.swift */ = {isa = PBXFileReference; includeInIndex = 1; lastKnownFileType = sourcecode.swift; path = DefaultLiveActivity.swift; sourceTree = "<group>"; };
		EC24A65424E20D8924C8FDA9 /* TagsView.swift */ = {isa = PBXFileReference; includeInIndex = 1; lastKnownFileType = sourcecode.swift; path = TagsView.swift; sourceTree = "<group>"; };
		ECAD570046C716DF92405E7E /* AppGate.swift */ = {isa = PBXFileReference; includeInIndex = 1; lastKnownFileType = sourcecode.swift; name = AppGate.swift; path = PushwooshSampleApp/Onboarding/AppGate.swift; sourceTree = "<group>"; };
		F223C2D8A834ADFD6A16B139 /* CartView.swift */ = {isa = PBXFileReference; includeInIndex = 1; lastKnownFileType = sourcecode.swift; path = CartView.swift; sourceTree = "<group>"; };
		F36C855B4ED804A183D3DE25 /* MenuCategory.swift */ = {isa = PBXFileReference; includeInIndex = 1; lastKnownFileType = sourcecode.swift; name = MenuCategory.swift; path = Models/MenuCategory.swift; sourceTree = "<group>"; };
		F96C29C15023CB873706F032 /* Theme.swift */ = {isa = PBXFileReference; includeInIndex = 1; lastKnownFileType = sourcecode.swift; path = Theme.swift; sourceTree = "<group>"; };
		FC1B58B199C34108A4EBD6DB /* RadioBroadcastActivity.swift */ = {isa = PBXFileReference; includeInIndex = 1; lastKnownFileType = sourcecode.swift; path = RadioBroadcastActivity.swift; sourceTree = "<group>"; };
		FD7678196830461C35798765 /* LiveActivitiesView.swift */ = {isa = PBXFileReference; includeInIndex = 1; lastKnownFileType = sourcecode.swift; name = LiveActivitiesView.swift; path = Views/LiveActivitiesView.swift; sourceTree = "<group>"; };
		FFCA11CD4D3B9E958790FFF7 /* CommunicationView.swift */ = {isa = PBXFileReference; includeInIndex = 1; lastKnownFileType = sourcecode.swift; path = CommunicationView.swift; sourceTree = "<group>"; };
/* End PBXFileReference section */

/* Begin PBXFrameworksBuildPhase section */
		4413A5872FD1BD78006E86FD /* Frameworks */ = {
			isa = PBXFrameworksBuildPhase;
			buildActionMask = 2147483647;
			files = (
				4413A58E2FD1BD78006E86FD /* UserNotificationsUI.framework in Frameworks */,
				4413A58C2FD1BD78006E86FD /* UserNotifications.framework in Frameworks */,
			);
			runOnlyForDeploymentPostprocessing = 0;
		};
		4426D9C32FBF4FB8006E1CE7 /* Frameworks */ = {
			isa = PBXFrameworksBuildPhase;
			buildActionMask = 2147483647;
			files = (
				4426D9CA2FBF4FB8006E1CE7 /* SwiftUI.framework in Frameworks */,
				4426D9C82FBF4FB8006E1CE7 /* WidgetKit.framework in Frameworks */,
			);
			runOnlyForDeploymentPostprocessing = 0;
		};
		44556FD02BC96D6000E92413 /* Frameworks */ = {
			isa = PBXFrameworksBuildPhase;
			buildActionMask = 2147483647;
			files = (
			);
			runOnlyForDeploymentPostprocessing = 0;
		};
		44EDFF002BC98BB200ED242F /* Frameworks */ = {
			isa = PBXFrameworksBuildPhase;
			buildActionMask = 2147483647;
			files = (
			);
			runOnlyForDeploymentPostprocessing = 0;
		};
		44EDFF1A2BCDA0CE00ED242F /* Frameworks */ = {
			isa = PBXFrameworksBuildPhase;
			buildActionMask = 2147483647;
			files = (
			);
			runOnlyForDeploymentPostprocessing = 0;
		};
/* End PBXFrameworksBuildPhase section */

/* Begin PBXGroup section */
		2060E91D02E31462A8569E6D /* Views */ = {
			isa = PBXGroup;
			children = (
				BC56EAC2F3087167AA52106F /* UserView.swift */,
				CAB2D244DF1921BA1CCB8366 /* RegistrationView.swift */,
				EC24A65424E20D8924C8FDA9 /* TagsView.swift */,
				0EDF59DEAA59F2DF7990DA7D /* DeviceInfoView.swift */,
				A6EF1E01A813F4F8B9E27A6D /* InboxDataView.swift */,
				FFCA11CD4D3B9E958790FFF7 /* CommunicationView.swift */,
				49237E84D72713266B80C9BB /* SettingsView.swift */,
				B7FE6813E2194A9871A4C643 /* MonetizationView.swift */,
				37AEFBB6D3104619DAC8D5BF /* LiveActivitiesView.swift */,
				00ECA0E9A6670A4E7345C675 /* NotificationsView.swift */,
				A1B2C3D4E5F6789012345678 /* MediaView.swift */,
				C1C2C3C4C5C6C7C8C9CACBCC /* InboxKitView.swift */,
				CC66CC66CC66CC66CC66CC66 /* PromoCaptionedCell.swift */,
				6DFB9D63104FBD4D6F9AA39C /* InAppMessagesView.swift */,
				A7C4D91E2B11AA22BB33CC02 /* InAppDemoScreens.swift */,
				31FE162F898AF9CD8D49E0E6 /* LiveScoreView.swift */,
				CBB5C86FBCF7496687BB5EE3 /* RadioLiveActivityView.swift */,
				061F4EE94DCBF04AC553DBA8 /* RootTabView.swift */,
				4D0E908013CD5F6FDB3C9214 /* ProfileTabView.swift */,
				F223C2D8A834ADFD6A16B139 /* CartView.swift */,
				D81DC20AB784A523D91F998E /* DeveloperView.swift */,
				2F6FF7D25306CB0EFA2D7510 /* SupportView.swift */,
				197AD5E980B92B1FC6F45C06 /* ElectionLiveActivityView.swift */,
			);
			path = Views;
			sourceTree = "<group>";
		};
		440E52972CE39B18006555DD /* Controllers */ = {
			isa = PBXGroup;
			children = (
				440E52952CE39B18006555DD /* Actions.swift */,
			);
			path = Controllers;
			sourceTree = "<group>";
		};
		440E52992CE39B18006555DD /* Preview Content */ = {
			isa = PBXGroup;
			children = (
				440E52982CE39B18006555DD /* Preview Assets.xcassets */,
			);
			path = "Preview Content";
			sourceTree = "<group>";
		};
		440E52A02CE39B18006555DD /* PushwooshSampleApp */ = {
			isa = PBXGroup;
			children = (
				440E52972CE39B18006555DD /* Controllers */,
				440E52992CE39B18006555DD /* Preview Content */,
				440E529A2CE39B18006555DD /* Assets.xcassets */,
				440E529B2CE39B18006555DD /* ContentView.swift */,
				440E529C2CE39B18006555DD /* Info.plist */,
				440E529D2CE39B18006555DD /* PushwooshSampleApp.entitlements */,
				440E529E2CE39B18006555DD /* PushwooshSampleApp.swift */,
				440E529F2CE39B18006555DD /* Notifications.swift */,
				BADA923B0A56E6DED97EA70E /* Models */,
				2060E91D02E31462A8569E6D /* Views */,
				F5041D8559E3CF42672AD028 /* Helpers */,
				DAD0997CEB53B89D457FCD8E /* Debug */,
				57361A985743883301390D63 /* PushwooshSampleApp-Bridging-Header.h */,
				006E9CE3B6861A650439B537 /* PrivacyInfo.xcprivacy */,
				14FB0A46DBEF58ADBA4FEEC9 /* Localizable.xcstrings */,
			);
			path = PushwooshSampleApp;
			sourceTree = "<group>";
		};
		440E52A42CE39B18006555DD /* NotificationService */ = {
			isa = PBXGroup;
			children = (
				440E52A12CE39B18006555DD /* Info.plist */,
				440E52A22CE39B18006555DD /* NotificationService.entitlements */,
				440E52A32CE39B18006555DD /* NotificationService.swift */,
			);
			path = NotificationService;
			sourceTree = "<group>";
		};
		4413A58F2FD1BD78006E86FD /* ContentExtension */ = {
			isa = PBXGroup;
			children = (
				4413A5B010000000000000F3 /* Info.plist */,
				4413A5B010000000000000F2 /* ContentExtension.entitlements */,
				4413A5B010000000000000F1 /* NotificationViewController.swift */,
			);
			path = ContentExtension;
			sourceTree = "<group>";
		};
		4426D9CB2FBF4FB8006E1CE7 /* LiveActivityDemo */ = {
			isa = PBXGroup;
			children = (
				44LAD0020001000000000001 /* Assets.xcassets */,
				44LAD0020001000000000006 /* Info.plist */,
				44LAD0020001000000000002 /* LiveActivityDemo.swift */,
				44LAD0020001000000000003 /* LiveActivityDemoAttributes.swift */,
				44LAD0020001000000000004 /* LiveActivityDemoBundle.swift */,
				44LAD0020001000000000005 /* LiveActivityDemoLiveActivity.swift */,
				1BEE2DE4C38D1F8C9F165058 /* LiveScoreAttributes.swift */,
				64E294DB0B7EFFE5F26E00B9 /* LiveScoreActivity.swift */,
				DA8B746D669D56EFFB3145DF /* DefaultLiveActivity.swift */,
				2B51D72EDD58451D94CB5F31 /* RadioBroadcastAttributes.swift */,
				FC1B58B199C34108A4EBD6DB /* RadioBroadcastActivity.swift */,
				4BAF0D824C96962D50286449 /* StoryReelAttributes.swift */,
				43F6A58F198FE9D37D0D2D0E /* StoryReelActivity.swift */,
				AC556420342822A8452D847D /* ElectionAttributes.swift */,
				6B7D0DAA1E92CDEFFADD835B /* ElectionActivity.swift */,
			);
			path = LiveActivityDemo;
			sourceTree = "<group>";
		};
		44556FCA2BC96D6000E92413 = {
			isa = PBXGroup;
			children = (
				440E52A02CE39B18006555DD /* PushwooshSampleApp */,
				440E52A42CE39B18006555DD /* NotificationService */,
				44EDFF1E2BCDA0CE00ED242F /* PushwooshSampleAppTests */,
				449A5B872F6BECD7005A0C93 /* PushwooshSampleAppClip */,
				4426D9CB2FBF4FB8006E1CE7 /* LiveActivityDemo */,
				4413A58F2FD1BD78006E86FD /* ContentExtension */,
				44556FD42BC96D6000E92413 /* Products */,
				E84F50853EA1F1D88E6AD51B /* Frameworks */,
				44AFF35E2EC607C900872D6F /* Recovered References */,
				ECAD570046C716DF92405E7E /* AppGate.swift */,
				423B40A8D897E49BA99AE244 /* OnboardingFlow.swift */,
			);
			sourceTree = "<group>";
		};
		44556FD42BC96D6000E92413 /* Products */ = {
			isa = PBXGroup;
			children = (
				44556FD32BC96D6000E92413 /* PushwooshSampleApp.app */,
				44EDFF032BC98BB200ED242F /* NotificationService.appex */,
				44EDFF1D2BCDA0CE00ED242F /* PushwooshSampleAppTests.xctest */,
				4426D9C62FBF4FB8006E1CE7 /* LiveActivityDemoExtension.appex */,
				4413A58A2FD1BD78006E86FD /* ContentExtension.appex */,
			);
			name = Products;
			sourceTree = "<group>";
		};
		449A5B872F6BECD7005A0C93 /* PushwooshSampleAppClip */ = {
			isa = PBXGroup;
			children = (
				BB000002AC000000000AC001 /* PushwooshSampleAppClipApp.swift */,
				BB000002AC000000000AC002 /* RestaurantView.swift */,
				BB000002AC000000000AC003 /* Assets.xcassets */,
				BB000002AC000000000AC004 /* Info.plist */,
				BB000002AC000000000AC005 /* PushwooshSampleAppClip.entitlements */,
			);
			path = PushwooshSampleAppClip;
			sourceTree = "<group>";
		};
		44AFF35E2EC607C900872D6F /* Recovered References */ = {
			isa = PBXGroup;
			children = (
				F36C855B4ED804A183D3DE25 /* MenuCategory.swift */,
				B509FDE14E171852249FC32D /* UserView.swift */,
				A03E7CB6290F7C6D3939FD09 /* RegistrationView.swift */,
				1A2BFF0A4BF8CFD57BF52F22 /* TagsView.swift */,
				25641123A1CCE56547233DEB /* DeviceInfoView.swift */,
				4EAFD9AF3681C5CB3396B850 /* CommunicationView.swift */,
				6A6FC4AC8DB27BF75F87170B /* SettingsView.swift */,
				060F9F7A79469EEF1CC0861A /* MonetizationView.swift */,
				FD7678196830461C35798765 /* LiveActivitiesView.swift */,
				B68B52F7B69DC6A99FA15DAC /* NotificationsView.swift */,
				2B8E67B391369BF4A0B0CBF1 /* SideMenu.swift */,
			);
			name = "Recovered References";
			sourceTree = "<group>";
		};
		44EDFF1E2BCDA0CE00ED242F /* PushwooshSampleAppTests */ = {
			isa = PBXGroup;
			children = (
				44EDFF1F2BCDA0CE00ED242F /* AppDelegateIntegration.swift */,
				443384212C0E0A2500C476DD /* SettingsTests.swift */,
				44EDFF262BCDA35800ED242F /* NotificationsTest.swift */,
			);
			path = PushwooshSampleAppTests;
			sourceTree = "<group>";
		};
		BADA923B0A56E6DED97EA70E /* Models */ = {
			isa = PBXGroup;
			children = (
				2BB7D7B9A43C03E5F446254B /* Product.swift */,
			);
			path = Models;
			sourceTree = "<group>";
		};
		DAD0997CEB53B89D457FCD8E /* Debug */ = {
			isa = PBXGroup;
			children = (
			);
			name = Debug;
			sourceTree = "<group>";
		};
		E84F50853EA1F1D88E6AD51B /* Frameworks */ = {
			isa = PBXGroup;
			children = (
				710B014DF4524DFB08474981 /* PushwooshFramework.xcframework */,
				4D7CE3B3145A724CF9CCAA57 /* PushwooshCore.xcframework */,
				388A50ADF94BA9205B78BA70 /* PushwooshGeozones.xcframework */,
				4426D9C72FBF4FB8006E1CE7 /* WidgetKit.framework */,
				4426D9C92FBF4FB8006E1CE7 /* SwiftUI.framework */,
				4413A58B2FD1BD78006E86FD /* UserNotifications.framework */,
				4413A58D2FD1BD78006E86FD /* UserNotificationsUI.framework */,
			);
			name = Frameworks;
			sourceTree = "<group>";
		};
		F5041D8559E3CF42672AD028 /* Helpers */ = {
			isa = PBXGroup;
			children = (
				0535BCC718AA9746274050A2 /* PushwooshHelper.swift */,
				F96C29C15023CB873706F032 /* Theme.swift */,
				730C1400FEEF51903261DA58 /* ResultPresenter.swift */,
				3A4C77F9DDAA8EF85132EC3E /* DeepLinkRouter.swift */,
				A0A9F0000000000000000702 /* VoIPController.swift */,
			);
			path = Helpers;
			sourceTree = "<group>";
		};
/* End PBXGroup section */

/* Begin PBXNativeTarget section */
		4413A5892FD1BD78006E86FD /* ContentExtension */ = {
			isa = PBXNativeTarget;
			buildConfigurationList = 4413A59C2FD1BD78006E86FD /* Build configuration list for PBXNativeTarget "ContentExtension" */;
			buildPhases = (
				4413A5862FD1BD78006E86FD /* Sources */,
				4413A5872FD1BD78006E86FD /* Frameworks */,
				4413A5882FD1BD78006E86FD /* Resources */,
			);
			buildRules = (
			);
			dependencies = (
			);
			name = ContentExtension;
			productName = ContentExtension;
			productReference = 4413A58A2FD1BD78006E86FD /* ContentExtension.appex */;
			productType = "com.apple.product-type.app-extension";
		};
		4426D9C52FBF4FB8006E1CE7 /* LiveActivityDemoExtension */ = {
			isa = PBXNativeTarget;
			buildConfigurationList = 4426D9DB2FBF4FBB006E1CE7 /* Build configuration list for PBXNativeTarget "LiveActivityDemoExtension" */;
			buildPhases = (
				4426D9C22FBF4FB8006E1CE7 /* Sources */,
				4426D9C32FBF4FB8006E1CE7 /* Frameworks */,
				4426D9C42FBF4FB8006E1CE7 /* Resources */,
			);
			buildRules = (
			);
			dependencies = (
			);
			name = LiveActivityDemoExtension;
			productName = LiveActivityDemoExtension;
			productReference = 4426D9C62FBF4FB8006E1CE7 /* LiveActivityDemoExtension.appex */;
			productType = "com.apple.product-type.app-extension";
		};
		44556FD22BC96D6000E92413 /* PushwooshSampleApp */ = {
			isa = PBXNativeTarget;
			buildConfigurationList = 44556FE12BC96D6100E92413 /* Build configuration list for PBXNativeTarget "PushwooshSampleApp" */;
			buildPhases = (
				44556FCF2BC96D6000E92413 /* Sources */,
				44556FD02BC96D6000E92413 /* Frameworks */,
				44556FD12BC96D6000E92413 /* Resources */,
				44EDFF0E2BC98BB200ED242F /* Embed Foundation Extensions */,
				4433841E2C0E041D00C476DD /* Embed Frameworks */,
				449A5B932F6BECD9005A0C93 /* Embed App Clips */,
			);
			buildRules = (
			);
			dependencies = (
				4426D9D62FBF4FBB006E1CE7 /* PBXTargetDependency */,
				4413A5972FD1BD78006E86FD /* PBXTargetDependency */,
			);
			name = PushwooshSampleApp;
			productName = newdemo;
			productReference = 44556FD32BC96D6000E92413 /* PushwooshSampleApp.app */;
			productType = "com.apple.product-type.application";
		};
		44EDFF022BC98BB200ED242F /* NotificationService */ = {
			isa = PBXNativeTarget;
			buildConfigurationList = 44EDFF0B2BC98BB200ED242F /* Build configuration list for PBXNativeTarget "NotificationService" */;
			buildPhases = (
				44EDFEFF2BC98BB200ED242F /* Sources */,
				44EDFF002BC98BB200ED242F /* Frameworks */,
				44EDFF012BC98BB200ED242F /* Resources */,
			);
			buildRules = (
			);
			dependencies = (
			);
			name = NotificationService;
			productName = NotificationService;
			productReference = 44EDFF032BC98BB200ED242F /* NotificationService.appex */;
			productType = "com.apple.product-type.app-extension";
		};
		44EDFF1C2BCDA0CE00ED242F /* PushwooshSampleAppTests */ = {
			isa = PBXNativeTarget;
			buildConfigurationList = 44EDFF232BCDA0CE00ED242F /* Build configuration list for PBXNativeTarget "PushwooshSampleAppTests" */;
			buildPhases = (
				44EDFF192BCDA0CE00ED242F /* Sources */,
				44EDFF1A2BCDA0CE00ED242F /* Frameworks */,
				44EDFF1B2BCDA0CE00ED242F /* Resources */,
			);
			buildRules = (
			);
			dependencies = (
				44EDFF222BCDA0CE00ED242F /* PBXTargetDependency */,
			);
			name = PushwooshSampleAppTests;
			productName = newdemoTests;
			productReference = 44EDFF1D2BCDA0CE00ED242F /* PushwooshSampleAppTests.xctest */;
			productType = "com.apple.product-type.bundle.unit-test";
		};
/* End PBXNativeTarget section */

/* Begin PBXProject section */
		44556FCB2BC96D6000E92413 /* Project object */ = {
			isa = PBXProject;
			attributes = {
				BuildIndependentTargetsInParallel = 1;
				LastSwiftUpdateCheck = 2630;
				LastUpgradeCheck = 1530;
				TargetAttributes = {
					4413A5892FD1BD78006E86FD = {
						CreatedOnToolsVersion = 26.3;
						ProvisioningStyle = Manual;
					};
					4426D9C52FBF4FB8006E1CE7 = {
						CreatedOnToolsVersion = 26.3;
						ProvisioningStyle = Manual;
					};
					44556FD22BC96D6000E92413 = {
						CreatedOnToolsVersion = 15.3;
						ProvisioningStyle = Manual;
					};
					44EDFF022BC98BB200ED242F = {
						CreatedOnToolsVersion = 15.3;
						ProvisioningStyle = Manual;
					};
					44EDFF1C2BCDA0CE00ED242F = {
						CreatedOnToolsVersion = 15.3;
						ProvisioningStyle = Manual;
						TestTargetID = 44556FD22BC96D6000E92413;
					};
				};
			};
			buildConfigurationList = 44556FCE2BC96D6000E92413 /* Build configuration list for PBXProject "PushwooshSampleApp" */;
			compatibilityVersion = "Xcode 14.0";
			developmentRegion = en;
			hasScannedForEncodings = 0;
			knownRegions = (
				en,
				Base,
				de,
				fr,
			);
			mainGroup = 44556FCA2BC96D6000E92413;
			productRefGroup = 44556FD42BC96D6000E92413 /* Products */;
			projectDirPath = "";
			projectRoot = "";
			targets = (
				44556FD22BC96D6000E92413 /* PushwooshSampleApp */,
				44EDFF022BC98BB200ED242F /* NotificationService */,
				44EDFF1C2BCDA0CE00ED242F /* PushwooshSampleAppTests */,
				4426D9C52FBF4FB8006E1CE7 /* LiveActivityDemoExtension */,
				4413A5892FD1BD78006E86FD /* ContentExtension */,
			);
		};
/* End PBXProject section */

/* Begin PBXResourcesBuildPhase section */
		4413A5882FD1BD78006E86FD /* Resources */ = {
			isa = PBXResourcesBuildPhase;
			buildActionMask = 2147483647;
			files = (
			);
			runOnlyForDeploymentPostprocessing = 0;
		};
		4426D9C42FBF4FB8006E1CE7 /* Resources */ = {
			isa = PBXResourcesBuildPhase;
			buildActionMask = 2147483647;
			files = (
				44LAD0010001000000000001 /* Assets.xcassets in Resources */,
			);
			runOnlyForDeploymentPostprocessing = 0;
		};
		44556FD12BC96D6000E92413 /* Resources */ = {
			isa = PBXResourcesBuildPhase;
			buildActionMask = 2147483647;
			files = (
				9522BB923BF2215230C78E28 /* PrivacyInfo.xcprivacy in Resources */,
				44ADD1CE00010000000000A1 /* Assets.xcassets in Resources */,
				79A5EFE4B33CE1D8F1867157 /* Localizable.xcstrings in Resources */,
			);
			runOnlyForDeploymentPostprocessing = 0;
		};
		44EDFF012BC98BB200ED242F /* Resources */ = {
			isa = PBXResourcesBuildPhase;
			buildActionMask = 2147483647;
			files = (
			);
			runOnlyForDeploymentPostprocessing = 0;
		};
		44EDFF1B2BCDA0CE00ED242F /* Resources */ = {
			isa = PBXResourcesBuildPhase;
			buildActionMask = 2147483647;
			files = (
			);
			runOnlyForDeploymentPostprocessing = 0;
		};
/* End PBXResourcesBuildPhase section */

/* Begin PBXSourcesBuildPhase section */
		4413A5862FD1BD78006E86FD /* Sources */ = {
			isa = PBXSourcesBuildPhase;
			buildActionMask = 2147483647;
			files = (
				4413A5B010000000000000F4 /* NotificationViewController.swift in Sources */,
			);
			runOnlyForDeploymentPostprocessing = 0;
		};
		4426D9C22FBF4FB8006E1CE7 /* Sources */ = {
			isa = PBXSourcesBuildPhase;
			buildActionMask = 2147483647;
			files = (
				44LAD0010001000000000002 /* LiveActivityDemo.swift in Sources */,
				44LAD0010001000000000003 /* LiveActivityDemoAttributes.swift in Sources */,
				44LAD0010001000000000004 /* LiveActivityDemoBundle.swift in Sources */,
				44LAD0010001000000000005 /* LiveActivityDemoLiveActivity.swift in Sources */,
				E057B79B9B7D8A6AEE2FB326 /* LiveScoreAttributes.swift in Sources */,
				F88D6149E0EBA078A08E72F3 /* LiveScoreActivity.swift in Sources */,
				37B184AE8406623F4CE0678E /* DefaultLiveActivity.swift in Sources */,
				03266DC3088247269E64140F /* RadioBroadcastAttributes.swift in Sources */,
				BDAC77AA94E74BF0A16E5956 /* RadioBroadcastActivity.swift in Sources */,
				776566E23ADF50BDE3604A37 /* StoryReelAttributes.swift in Sources */,
				9E839F55F99281D842B024F0 /* StoryReelActivity.swift in Sources */,
				D1884FA1BB5C1CC07D4C2786 /* ElectionAttributes.swift in Sources */,
				5EB8555879F45F5F5E0EA06B /* ElectionActivity.swift in Sources */,
			);
			runOnlyForDeploymentPostprocessing = 0;
		};
		44556FCF2BC96D6000E92413 /* Sources */ = {
			isa = PBXSourcesBuildPhase;
			buildActionMask = 2147483647;
			files = (
				440E52A52CE39B97006555DD /* Actions.swift in Sources */,
				440E52A72CE39B97006555DD /* ContentView.swift in Sources */,
				440E52A82CE39B97006555DD /* PushwooshSampleApp.swift in Sources */,
				440E52A92CE39B97006555DD /* Notifications.swift in Sources */,
				27AA17BB8C97CA72CA682B1D /* UserView.swift in Sources */,
				D3249506E573A0953DAFE2AC /* RegistrationView.swift in Sources */,
				E4DC09FBF8645BB2537253F1 /* TagsView.swift in Sources */,
				B71906F692298194708CF196 /* DeviceInfoView.swift in Sources */,
				F38AF88FF7B036E09BC7BB6E /* InboxDataView.swift in Sources */,
				D9ECA01F8CB4CA996299C97F /* CommunicationView.swift in Sources */,
				A9CBBF9914B1A51714384F63 /* SettingsView.swift in Sources */,
				0046A17514E5AAE763429237 /* MonetizationView.swift in Sources */,
				4A8F2947FC92A6692FB5433A /* LiveActivitiesView.swift in Sources */,
				B3F068E548D4DE2600EE4FE5 /* NotificationsView.swift in Sources */,
				84CA7B37F56E183559089155 /* PushwooshHelper.swift in Sources */,
				B1B2B3B4B5B6B7B8B9BABBBC /* InboxKitView.swift in Sources */,
				CC55CC55CC55CC55CC55CC55 /* PromoCaptionedCell.swift in Sources */,
				F1A2B3C4D5E6F78901234567 /* MediaView.swift in Sources */,
				44LAD0010001000000000006 /* LiveActivityDemoAttributes.swift in Sources */,
				701548745F4A3AF06476559C /* InAppMessagesView.swift in Sources */,
				A7C4D91E2B11AA22BB33CC01 /* InAppDemoScreens.swift in Sources */,
				EC4F2F0E5539AF0EA4DA3FB9 /* LiveScoreAttributes.swift in Sources */,
				40E541F0D8C5B3EE17958184 /* LiveScoreView.swift in Sources */,
				A07F40B7F2B84801AA6939E5 /* RadioBroadcastAttributes.swift in Sources */,
				09CEBDEC235A4F6E9A68F952 /* RadioLiveActivityView.swift in Sources */,
				8DDFF6F5A28DC1B9F4C58B5E /* Theme.swift in Sources */,
				E1F0F4CC8E0B831673A48C24 /* AppGate.swift in Sources */,
				7CE0A85CD394777F5281F544 /* OnboardingFlow.swift in Sources */,
				1F117EBA4AE53574061FE000 /* Product.swift in Sources */,
				874380CE8665DC4B7C8700D0 /* RootTabView.swift in Sources */,
				3A1D90677B35BE639375C2A5 /* ProfileTabView.swift in Sources */,
				29A67985B2C6CC406D09E891 /* CartView.swift in Sources */,
				5D99096B70C62749A3249FB9 /* ResultPresenter.swift in Sources */,
				9E40390893D1DE9A8BE0F339 /* DeepLinkRouter.swift in Sources */,
				A0A9F0000000000000000701 /* VoIPController.swift in Sources */,
				648308D755C9E0A9B3EA445E /* DeveloperView.swift in Sources */,
				7EE6EA088570722CE6B3D698 /* SupportView.swift in Sources */,
				1199EC72EDDF46C4B2B751FE /* StoryReelAttributes.swift in Sources */,
				35E202F20DEBA4643A7BEFF7 /* ElectionAttributes.swift in Sources */,
				59A409F9271E4E02007B5365 /* ElectionLiveActivityView.swift in Sources */,
			);
			runOnlyForDeploymentPostprocessing = 0;
		};
		44EDFEFF2BC98BB200ED242F /* Sources */ = {
			isa = PBXSourcesBuildPhase;
			buildActionMask = 2147483647;
			files = (
				440E52AA2CE39B9C006555DD /* NotificationService.swift in Sources */,
			);
			runOnlyForDeploymentPostprocessing = 0;
		};
		44EDFF192BCDA0CE00ED242F /* Sources */ = {
			isa = PBXSourcesBuildPhase;
			buildActionMask = 2147483647;
			files = (
				443384222C0E0A2500C476DD /* SettingsTests.swift in Sources */,
				44EDFF272BCDA35800ED242F /* NotificationsTest.swift in Sources */,
				44EDFF202BCDA0CE00ED242F /* AppDelegateIntegration.swift in Sources */,
			);
			runOnlyForDeploymentPostprocessing = 0;
		};
/* End PBXSourcesBuildPhase section */

/* Begin PBXTargetDependency section */
		4413A5972FD1BD78006E86FD /* PBXTargetDependency */ = {
			isa = PBXTargetDependency;
			target = 4413A5892FD1BD78006E86FD /* ContentExtension */;
			targetProxy = 4413A5962FD1BD78006E86FD /* PBXContainerItemProxy */;
		};
		4426D9D62FBF4FBB006E1CE7 /* PBXTargetDependency */ = {
			isa = PBXTargetDependency;
			target = 4426D9C52FBF4FB8006E1CE7 /* LiveActivityDemoExtension */;
			targetProxy = 4426D9D52FBF4FBB006E1CE7 /* PBXContainerItemProxy */;
		};
		44EDFF222BCDA0CE00ED242F /* PBXTargetDependency */ = {
			isa = PBXTargetDependency;
			target = 44556FD22BC96D6000E92413 /* PushwooshSampleApp */;
			targetProxy = 44EDFF212BCDA0CE00ED242F /* PBXContainerItemProxy */;
		};
/* End PBXTargetDependency section */

/* Begin XCBuildConfiguration section */
		4413A5992FD1BD78006E86FD /* Debug */ = {
			isa = XCBuildConfiguration;
			buildSettings = {
				CODE_SIGN_ENTITLEMENTS = ContentExtension/ContentExtension.entitlements;
				CODE_SIGN_IDENTITY = "Apple Development";
				CODE_SIGN_STYLE = Manual;
				CURRENT_PROJECT_VERSION = 1;
				DEVELOPMENT_TEAM = "";
				GENERATE_INFOPLIST_FILE = YES;
				INFOPLIST_FILE = ContentExtension/Info.plist;
				INFOPLIST_KEY_CFBundleDisplayName = ContentExtension;
				INFOPLIST_KEY_NSHumanReadableCopyright = "";
				IPHONEOS_DEPLOYMENT_TARGET = 17.0;
				LD_RUNPATH_SEARCH_PATHS = (
					"$(inherited)",
					"@executable_path/Frameworks",
					"@executable_path/../../Frameworks",
				);
				MARKETING_VERSION = 2.0.5;
				PRODUCT_BUNDLE_IDENTIFIER = com.example.PushwooshSampleApp.ContentExtension;
				PRODUCT_NAME = "$(TARGET_NAME)";
				PROVISIONING_PROFILE_SPECIFIER = "";
				SKIP_INSTALL = YES;
				STRING_CATALOG_GENERATE_SYMBOLS = YES;
				SWIFT_APPROACHABLE_CONCURRENCY = YES;
				SWIFT_EMIT_LOC_STRINGS = YES;
				SWIFT_UPCOMING_FEATURE_MEMBER_IMPORT_VISIBILITY = YES;
				SWIFT_VERSION = 5.0;
				TARGETED_DEVICE_FAMILY = "1,2";
			};
			name = Debug;
		};
		4413A59A2FD1BD78006E86FD /* Release */ = {
			isa = XCBuildConfiguration;
			buildSettings = {
				CODE_SIGN_ENTITLEMENTS = ContentExtension/ContentExtension.entitlements;
				CODE_SIGN_IDENTITY = "Apple Development";
				CODE_SIGN_STYLE = Manual;
				CURRENT_PROJECT_VERSION = 1;
				DEVELOPMENT_TEAM = "";
				GENERATE_INFOPLIST_FILE = YES;
				INFOPLIST_FILE = ContentExtension/Info.plist;
				INFOPLIST_KEY_CFBundleDisplayName = ContentExtension;
				INFOPLIST_KEY_NSHumanReadableCopyright = "";
				IPHONEOS_DEPLOYMENT_TARGET = 17.0;
				LD_RUNPATH_SEARCH_PATHS = (
					"$(inherited)",
					"@executable_path/Frameworks",
					"@executable_path/../../Frameworks",
				);
				MARKETING_VERSION = 2.0.5;
				PRODUCT_BUNDLE_IDENTIFIER = com.example.PushwooshSampleApp.ContentExtension;
				PRODUCT_NAME = "$(TARGET_NAME)";
				PROVISIONING_PROFILE_SPECIFIER = "";
				SKIP_INSTALL = YES;
				STRING_CATALOG_GENERATE_SYMBOLS = YES;
				SWIFT_APPROACHABLE_CONCURRENCY = YES;
				SWIFT_EMIT_LOC_STRINGS = YES;
				SWIFT_UPCOMING_FEATURE_MEMBER_IMPORT_VISIBILITY = YES;
				SWIFT_VERSION = 5.0;
				TARGETED_DEVICE_FAMILY = "1,2";
			};
			name = Release;
		};
		4426D9D82FBF4FBB006E1CE7 /* Debug */ = {
			isa = XCBuildConfiguration;
			buildSettings = {
				ASSETCATALOG_COMPILER_GLOBAL_ACCENT_COLOR_NAME = AccentColor;
				ASSETCATALOG_COMPILER_WIDGET_BACKGROUND_COLOR_NAME = WidgetBackground;
				CODE_SIGN_IDENTITY = "Apple Development";
				CODE_SIGN_STYLE = Manual;
				CURRENT_PROJECT_VERSION = 1;
				DEVELOPMENT_TEAM = "";
				GENERATE_INFOPLIST_FILE = YES;
				INFOPLIST_FILE = LiveActivityDemo/Info.plist;
				INFOPLIST_KEY_CFBundleDisplayName = LiveActivityDemo;
				INFOPLIST_KEY_NSHumanReadableCopyright = "";
				IPHONEOS_DEPLOYMENT_TARGET = 26.2;
				LD_RUNPATH_SEARCH_PATHS = (
					"$(inherited)",
					"@executable_path/Frameworks",
					"@executable_path/../../Frameworks",
				);
				MARKETING_VERSION = 2.0.5;
				PRODUCT_BUNDLE_IDENTIFIER = com.example.PushwooshSampleApp.LiveActivityDemo;
				PRODUCT_NAME = "$(TARGET_NAME)";
				PROVISIONING_PROFILE_SPECIFIER = "";
				SKIP_INSTALL = YES;
				STRING_CATALOG_GENERATE_SYMBOLS = YES;
				SWIFT_APPROACHABLE_CONCURRENCY = YES;
				SWIFT_EMIT_LOC_STRINGS = YES;
				SWIFT_UPCOMING_FEATURE_MEMBER_IMPORT_VISIBILITY = YES;
				SWIFT_VERSION = 5.0;
				TARGETED_DEVICE_FAMILY = "1,2";
			};
			name = Debug;
		};
		4426D9D92FBF4FBB006E1CE7 /* Release */ = {
			isa = XCBuildConfiguration;
			buildSettings = {
				ASSETCATALOG_COMPILER_GLOBAL_ACCENT_COLOR_NAME = AccentColor;
				ASSETCATALOG_COMPILER_WIDGET_BACKGROUND_COLOR_NAME = WidgetBackground;
				CODE_SIGN_IDENTITY = "Apple Development";
				CODE_SIGN_STYLE = Manual;
				CURRENT_PROJECT_VERSION = 1;
				DEVELOPMENT_TEAM = "";
				GENERATE_INFOPLIST_FILE = YES;
				INFOPLIST_FILE = LiveActivityDemo/Info.plist;
				INFOPLIST_KEY_CFBundleDisplayName = LiveActivityDemo;
				INFOPLIST_KEY_NSHumanReadableCopyright = "";
				IPHONEOS_DEPLOYMENT_TARGET = 26.2;
				LD_RUNPATH_SEARCH_PATHS = (
					"$(inherited)",
					"@executable_path/Frameworks",
					"@executable_path/../../Frameworks",
				);
				MARKETING_VERSION = 2.0.5;
				PRODUCT_BUNDLE_IDENTIFIER = com.example.PushwooshSampleApp.LiveActivityDemo;
				PRODUCT_NAME = "$(TARGET_NAME)";
				PROVISIONING_PROFILE_SPECIFIER = "";
				SKIP_INSTALL = YES;
				STRING_CATALOG_GENERATE_SYMBOLS = YES;
				SWIFT_APPROACHABLE_CONCURRENCY = YES;
				SWIFT_EMIT_LOC_STRINGS = YES;
				SWIFT_UPCOMING_FEATURE_MEMBER_IMPORT_VISIBILITY = YES;
				SWIFT_VERSION = 5.0;
				TARGETED_DEVICE_FAMILY = "1,2";
			};
			name = Release;
		};
		44556FDF2BC96D6100E92413 /* Debug */ = {
			isa = XCBuildConfiguration;
			buildSettings = {
				ALWAYS_SEARCH_USER_PATHS = NO;
				ASSETCATALOG_COMPILER_GENERATE_SWIFT_ASSET_SYMBOL_EXTENSIONS = YES;
				CLANG_ANALYZER_NONNULL = YES;
				CLANG_ANALYZER_NUMBER_OBJECT_CONVERSION = YES_AGGRESSIVE;
				CLANG_CXX_LANGUAGE_STANDARD = "gnu++20";
				CLANG_ENABLE_MODULES = YES;
				CLANG_ENABLE_OBJC_ARC = YES;
				CLANG_ENABLE_OBJC_WEAK = YES;
				CLANG_WARN_BLOCK_CAPTURE_AUTORELEASING = YES;
				CLANG_WARN_BOOL_CONVERSION = YES;
				CLANG_WARN_COMMA = YES;
				CLANG_WARN_CONSTANT_CONVERSION = YES;
				CLANG_WARN_DEPRECATED_OBJC_IMPLEMENTATIONS = YES;
				CLANG_WARN_DIRECT_OBJC_ISA_USAGE = YES_ERROR;
				CLANG_WARN_DOCUMENTATION_COMMENTS = YES;
				CLANG_WARN_EMPTY_BODY = YES;
				CLANG_WARN_ENUM_CONVERSION = YES;
				CLANG_WARN_INFINITE_RECURSION = YES;
				CLANG_WARN_INT_CONVERSION = YES;
				CLANG_WARN_NON_LITERAL_NULL_CONVERSION = YES;
				CLANG_WARN_OBJC_IMPLICIT_RETAIN_SELF = YES;
				CLANG_WARN_OBJC_LITERAL_CONVERSION = YES;
				CLANG_WARN_OBJC_ROOT_CLASS = YES_ERROR;
				CLANG_WARN_QUOTED_INCLUDE_IN_FRAMEWORK_HEADER = YES;
				CLANG_WARN_RANGE_LOOP_ANALYSIS = YES;
				CLANG_WARN_STRICT_PROTOTYPES = YES;
				CLANG_WARN_SUSPICIOUS_MOVE = YES;
				CLANG_WARN_UNGUARDED_AVAILABILITY = YES_AGGRESSIVE;
				CLANG_WARN_UNREACHABLE_CODE = YES;
				CLANG_WARN__DUPLICATE_METHOD_MATCH = YES;
				COPY_PHASE_STRIP = NO;
				DEBUG_INFORMATION_FORMAT = dwarf;
				ENABLE_STRICT_OBJC_MSGSEND = YES;
				ENABLE_TESTABILITY = YES;
				ENABLE_USER_SCRIPT_SANDBOXING = YES;
				GCC_C_LANGUAGE_STANDARD = gnu17;
				GCC_DYNAMIC_NO_PIC = NO;
				GCC_NO_COMMON_BLOCKS = YES;
				GCC_OPTIMIZATION_LEVEL = 0;
				GCC_PREPROCESSOR_DEFINITIONS = (
					"DEBUG=1",
					"$(inherited)",
				);
				GCC_WARN_64_TO_32_BIT_CONVERSION = YES;
				GCC_WARN_ABOUT_RETURN_TYPE = YES_ERROR;
				GCC_WARN_UNDECLARED_SELECTOR = YES;
				GCC_WARN_UNINITIALIZED_AUTOS = YES_AGGRESSIVE;
				GCC_WARN_UNUSED_FUNCTION = YES;
				GCC_WARN_UNUSED_VARIABLE = YES;
				IPHONEOS_DEPLOYMENT_TARGET = 17.4;
				LOCALIZATION_PREFERS_STRING_CATALOGS = YES;
				MTL_ENABLE_DEBUG_INFO = INCLUDE_SOURCE;
				MTL_FAST_MATH = YES;
				ONLY_ACTIVE_ARCH = YES;
				SDKROOT = iphoneos;
				SWIFT_ACTIVE_COMPILATION_CONDITIONS = "DEBUG $(inherited)";
				SWIFT_OPTIMIZATION_LEVEL = "-Onone";
			};
			name = Debug;
		};
		44556FE02BC96D6100E92413 /* Release */ = {
			isa = XCBuildConfiguration;
			buildSettings = {
				ALWAYS_SEARCH_USER_PATHS = NO;
				ASSETCATALOG_COMPILER_GENERATE_SWIFT_ASSET_SYMBOL_EXTENSIONS = YES;
				CLANG_ANALYZER_NONNULL = YES;
				CLANG_ANALYZER_NUMBER_OBJECT_CONVERSION = YES_AGGRESSIVE;
				CLANG_CXX_LANGUAGE_STANDARD = "gnu++20";
				CLANG_ENABLE_MODULES = YES;
				CLANG_ENABLE_OBJC_ARC = YES;
				CLANG_ENABLE_OBJC_WEAK = YES;
				CLANG_WARN_BLOCK_CAPTURE_AUTORELEASING = YES;
				CLANG_WARN_BOOL_CONVERSION = YES;
				CLANG_WARN_COMMA = YES;
				CLANG_WARN_CONSTANT_CONVERSION = YES;
				CLANG_WARN_DEPRECATED_OBJC_IMPLEMENTATIONS = YES;
				CLANG_WARN_DIRECT_OBJC_ISA_USAGE = YES_ERROR;
				CLANG_WARN_DOCUMENTATION_COMMENTS = YES;
				CLANG_WARN_EMPTY_BODY = YES;
				CLANG_WARN_ENUM_CONVERSION = YES;
				CLANG_WARN_INFINITE_RECURSION = YES;
				CLANG_WARN_INT_CONVERSION = YES;
				CLANG_WARN_NON_LITERAL_NULL_CONVERSION = YES;
				CLANG_WARN_OBJC_IMPLICIT_RETAIN_SELF = YES;
				CLANG_WARN_OBJC_LITERAL_CONVERSION = YES;
				CLANG_WARN_OBJC_ROOT_CLASS = YES_ERROR;
				CLANG_WARN_QUOTED_INCLUDE_IN_FRAMEWORK_HEADER = YES;
				CLANG_WARN_RANGE_LOOP_ANALYSIS = YES;
				CLANG_WARN_STRICT_PROTOTYPES = YES;
				CLANG_WARN_SUSPICIOUS_MOVE = YES;
				CLANG_WARN_UNGUARDED_AVAILABILITY = YES_AGGRESSIVE;
				CLANG_WARN_UNREACHABLE_CODE = YES;
				CLANG_WARN__DUPLICATE_METHOD_MATCH = YES;
				COPY_PHASE_STRIP = NO;
				DEBUG_INFORMATION_FORMAT = "dwarf-with-dsym";
				ENABLE_NS_ASSERTIONS = NO;
				ENABLE_STRICT_OBJC_MSGSEND = YES;
				ENABLE_USER_SCRIPT_SANDBOXING = YES;
				GCC_C_LANGUAGE_STANDARD = gnu17;
				GCC_NO_COMMON_BLOCKS = YES;
				GCC_WARN_64_TO_32_BIT_CONVERSION = YES;
				GCC_WARN_ABOUT_RETURN_TYPE = YES_ERROR;
				GCC_WARN_UNDECLARED_SELECTOR = YES;
				GCC_WARN_UNINITIALIZED_AUTOS = YES_AGGRESSIVE;
				GCC_WARN_UNUSED_FUNCTION = YES;
				GCC_WARN_UNUSED_VARIABLE = YES;
				IPHONEOS_DEPLOYMENT_TARGET = 17.4;
				LOCALIZATION_PREFERS_STRING_CATALOGS = YES;
				MTL_ENABLE_DEBUG_INFO = NO;
				MTL_FAST_MATH = YES;
				SDKROOT = iphoneos;
				SWIFT_COMPILATION_MODE = wholemodule;
				VALIDATE_PRODUCT = YES;
			};
			name = Release;
		};
		44556FE22BC96D6100E92413 /* Debug */ = {
			isa = XCBuildConfiguration;
			buildSettings = {
				ALWAYS_SEARCH_USER_PATHS = NO;
				ASSETCATALOG_COMPILER_APPICON_NAME = AppIcon;
				ASSETCATALOG_COMPILER_GLOBAL_ACCENT_COLOR_NAME = AccentColor;
				CODE_SIGN_ALLOW_ENTITLEMENTS_MODIFICATION = YES;
				CODE_SIGN_ENTITLEMENTS = PushwooshSampleApp/PushwooshSampleApp.entitlements;
				CODE_SIGN_IDENTITY = "Apple Development";
				CODE_SIGN_STYLE = Manual;
				CURRENT_PROJECT_VERSION = 1;
				DEVELOPMENT_ASSET_PATHS = "\"PushwooshSampleApp/Preview Content\"";
				DEVELOPMENT_TEAM = "";
				ENABLE_PREVIEWS = YES;
				FRAMEWORK_SEARCH_PATHS = "$(inherited)";
				GENERATE_INFOPLIST_FILE = YES;
				INFOPLIST_FILE = PushwooshSampleApp/Info.plist;
				INFOPLIST_KEY_CFBundleDisplayName = PushMart;
				INFOPLIST_KEY_NSSupportsLiveActivities = YES;
				INFOPLIST_KEY_NSSupportsLiveActivitiesFrequentUpdates = YES;
				INFOPLIST_KEY_UIApplicationSceneManifest_Generation = YES;
				INFOPLIST_KEY_UIApplicationSupportsIndirectInputEvents = YES;
				INFOPLIST_KEY_UILaunchScreen_Generation = YES;
				INFOPLIST_KEY_UISupportedInterfaceOrientations_iPad = "UIInterfaceOrientationPortrait UIInterfaceOrientationPortraitUpsideDown UIInterfaceOrientationLandscapeLeft UIInterfaceOrientationLandscapeRight";
				INFOPLIST_KEY_UISupportedInterfaceOrientations_iPhone = "UIInterfaceOrientationPortrait UIInterfaceOrientationLandscapeLeft UIInterfaceOrientationLandscapeRight";
				IPHONEOS_DEPLOYMENT_TARGET = 17.0;
				LD_RUNPATH_SEARCH_PATHS = (
					"$(inherited)",
					"@executable_path/Frameworks",
				);
				MARKETING_VERSION = 2.0.5;
				PRODUCT_BUNDLE_IDENTIFIER = com.example.PushwooshSampleApp;
				PRODUCT_NAME = "$(TARGET_NAME)";
				PROVISIONING_PROFILE_SPECIFIER = "";
				SWIFT_EMIT_LOC_STRINGS = YES;
				SWIFT_OBJC_BRIDGING_HEADER = "$(SRCROOT)/PushwooshSampleApp/PushwooshSampleApp-Bridging-Header.h";
				SWIFT_VERSION = 5.0;
				TARGETED_DEVICE_FAMILY = "1,2";
			};
			name = Debug;
		};
		44556FE32BC96D6100E92413 /* Release */ = {
			isa = XCBuildConfiguration;
			buildSettings = {
				ALWAYS_SEARCH_USER_PATHS = NO;
				ASSETCATALOG_COMPILER_APPICON_NAME = AppIcon;
				ASSETCATALOG_COMPILER_GLOBAL_ACCENT_COLOR_NAME = AccentColor;
				CODE_SIGN_ALLOW_ENTITLEMENTS_MODIFICATION = YES;
				CODE_SIGN_ENTITLEMENTS = PushwooshSampleApp/PushwooshSampleApp.entitlements;
				CODE_SIGN_IDENTITY = "Apple Development";
				CODE_SIGN_STYLE = Manual;
				CURRENT_PROJECT_VERSION = 1;
				DEVELOPMENT_ASSET_PATHS = "\"PushwooshSampleApp/Preview Content\"";
				DEVELOPMENT_TEAM = "";
				ENABLE_PREVIEWS = YES;
				FRAMEWORK_SEARCH_PATHS = "$(inherited)";
				GENERATE_INFOPLIST_FILE = YES;
				INFOPLIST_FILE = PushwooshSampleApp/Info.plist;
				INFOPLIST_KEY_CFBundleDisplayName = PushMart;
				INFOPLIST_KEY_NSSupportsLiveActivities = YES;
				INFOPLIST_KEY_NSSupportsLiveActivitiesFrequentUpdates = YES;
				INFOPLIST_KEY_UIApplicationSceneManifest_Generation = YES;
				INFOPLIST_KEY_UIApplicationSupportsIndirectInputEvents = YES;
				INFOPLIST_KEY_UILaunchScreen_Generation = YES;
				INFOPLIST_KEY_UISupportedInterfaceOrientations_iPad = "UIInterfaceOrientationPortrait UIInterfaceOrientationPortraitUpsideDown UIInterfaceOrientationLandscapeLeft UIInterfaceOrientationLandscapeRight";
				INFOPLIST_KEY_UISupportedInterfaceOrientations_iPhone = "UIInterfaceOrientationPortrait UIInterfaceOrientationLandscapeLeft UIInterfaceOrientationLandscapeRight";
				IPHONEOS_DEPLOYMENT_TARGET = 17.0;
				LD_RUNPATH_SEARCH_PATHS = (
					"$(inherited)",
					"@executable_path/Frameworks",
				);
				MARKETING_VERSION = 2.0.5;
				PRODUCT_BUNDLE_IDENTIFIER = com.example.PushwooshSampleApp;
				PRODUCT_NAME = "$(TARGET_NAME)";
				PROVISIONING_PROFILE_SPECIFIER = "";
				SWIFT_EMIT_LOC_STRINGS = YES;
				SWIFT_OBJC_BRIDGING_HEADER = "$(SRCROOT)/PushwooshSampleApp/PushwooshSampleApp-Bridging-Header.h";
				SWIFT_VERSION = 5.0;
				TARGETED_DEVICE_FAMILY = "1,2";
			};
			name = Release;
		};
		44EDFF0C2BC98BB200ED242F /* Debug */ = {
			isa = XCBuildConfiguration;
			buildSettings = {
				ALWAYS_SEARCH_USER_PATHS = NO;
				CODE_SIGN_ALLOW_ENTITLEMENTS_MODIFICATION = YES;
				CODE_SIGN_ENTITLEMENTS = NotificationService/NotificationService.entitlements;
				CODE_SIGN_IDENTITY = "Apple Development";
				CODE_SIGN_STYLE = Manual;
				CURRENT_PROJECT_VERSION = 1;
				DEVELOPMENT_TEAM = "";
				FRAMEWORK_SEARCH_PATHS = "$(inherited)";
				GENERATE_INFOPLIST_FILE = YES;
				INFOPLIST_FILE = NotificationService/Info.plist;
				INFOPLIST_KEY_CFBundleDisplayName = NotificationService;
				INFOPLIST_KEY_NSHumanReadableCopyright = "";
				IPHONEOS_DEPLOYMENT_TARGET = 17.0;
				LD_RUNPATH_SEARCH_PATHS = (
					"$(inherited)",
					"@executable_path/Frameworks",
					"@executable_path/../../Frameworks",
				);
				MARKETING_VERSION = 2.0.5;
				PRODUCT_BUNDLE_IDENTIFIER = com.example.PushwooshSampleApp.NotificationService;
				PRODUCT_NAME = "$(TARGET_NAME)";
				PROVISIONING_PROFILE_SPECIFIER = "";
				SKIP_INSTALL = YES;
				SWIFT_EMIT_LOC_STRINGS = YES;
				SWIFT_VERSION = 5.0;
				TARGETED_DEVICE_FAMILY = "1,2";
			};
			name = Debug;
		};
		44EDFF0D2BC98BB200ED242F /* Release */ = {
			isa = XCBuildConfiguration;
			buildSettings = {
				ALWAYS_SEARCH_USER_PATHS = NO;
				CODE_SIGN_ALLOW_ENTITLEMENTS_MODIFICATION = YES;
				CODE_SIGN_ENTITLEMENTS = NotificationService/NotificationService.entitlements;
				CODE_SIGN_IDENTITY = "Apple Development";
				CODE_SIGN_STYLE = Manual;
				CURRENT_PROJECT_VERSION = 1;
				DEVELOPMENT_TEAM = "";
				FRAMEWORK_SEARCH_PATHS = "$(inherited)";
				GENERATE_INFOPLIST_FILE = YES;
				INFOPLIST_FILE = NotificationService/Info.plist;
				INFOPLIST_KEY_CFBundleDisplayName = NotificationService;
				INFOPLIST_KEY_NSHumanReadableCopyright = "";
				IPHONEOS_DEPLOYMENT_TARGET = 17.0;
				LD_RUNPATH_SEARCH_PATHS = (
					"$(inherited)",
					"@executable_path/Frameworks",
					"@executable_path/../../Frameworks",
				);
				MARKETING_VERSION = 2.0.5;
				PRODUCT_BUNDLE_IDENTIFIER = com.example.PushwooshSampleApp.NotificationService;
				PRODUCT_NAME = "$(TARGET_NAME)";
				PROVISIONING_PROFILE_SPECIFIER = "";
				SKIP_INSTALL = YES;
				SWIFT_EMIT_LOC_STRINGS = YES;
				SWIFT_VERSION = 5.0;
				TARGETED_DEVICE_FAMILY = "1,2";
			};
			name = Release;
		};
		44EDFF242BCDA0CE00ED242F /* Debug */ = {
			isa = XCBuildConfiguration;
			buildSettings = {
				ALWAYS_SEARCH_USER_PATHS = NO;
				BUNDLE_LOADER = "$(TEST_HOST)";
				CODE_SIGN_STYLE = Manual;
				CURRENT_PROJECT_VERSION = 1;
				DEVELOPMENT_TEAM = "";
				FRAMEWORK_SEARCH_PATHS = "$(inherited)";
				GENERATE_INFOPLIST_FILE = YES;
				MARKETING_VERSION = 2.0.5;
				PRODUCT_BUNDLE_IDENTIFIER = com.example.newdemo.newdemoTests;
				PRODUCT_NAME = "$(TARGET_NAME)";
				PROVISIONING_PROFILE_SPECIFIER = "";
				SWIFT_EMIT_LOC_STRINGS = NO;
				SWIFT_VERSION = 5.0;
				TARGETED_DEVICE_FAMILY = "1,2";
				TEST_HOST = "$(BUILT_PRODUCTS_DIR)/PushwooshSampleApp.app/$(BUNDLE_EXECUTABLE_FOLDER_PATH)/PushwooshSampleApp";
			};
			name = Debug;
		};
		44EDFF252BCDA0CE00ED242F /* Release */ = {
			isa = XCBuildConfiguration;
			buildSettings = {
				ALWAYS_SEARCH_USER_PATHS = NO;
				BUNDLE_LOADER = "$(TEST_HOST)";
				CODE_SIGN_STYLE = Manual;
				CURRENT_PROJECT_VERSION = 1;
				DEVELOPMENT_TEAM = "";
				FRAMEWORK_SEARCH_PATHS = "$(inherited)";
				GENERATE_INFOPLIST_FILE = YES;
				MARKETING_VERSION = 2.0.5;
				PRODUCT_BUNDLE_IDENTIFIER = com.example.newdemo.newdemoTests;
				PRODUCT_NAME = "$(TARGET_NAME)";
				PROVISIONING_PROFILE_SPECIFIER = "";
				SWIFT_EMIT_LOC_STRINGS = NO;
				SWIFT_VERSION = 5.0;
				TARGETED_DEVICE_FAMILY = "1,2";
				TEST_HOST = "$(BUILT_PRODUCTS_DIR)/PushwooshSampleApp.app/$(BUNDLE_EXECUTABLE_FOLDER_PATH)/PushwooshSampleApp";
			};
			name = Release;
		};
/* End XCBuildConfiguration section */

/* Begin XCConfigurationList section */
		4413A59C2FD1BD78006E86FD /* Build configuration list for PBXNativeTarget "ContentExtension" */ = {
			isa = XCConfigurationList;
			buildConfigurations = (
				4413A5992FD1BD78006E86FD /* Debug */,
				4413A59A2FD1BD78006E86FD /* Release */,
			);
			defaultConfigurationIsVisible = 0;
			defaultConfigurationName = Release;
		};
		4426D9DB2FBF4FBB006E1CE7 /* Build configuration list for PBXNativeTarget "LiveActivityDemoExtension" */ = {
			isa = XCConfigurationList;
			buildConfigurations = (
				4426D9D82FBF4FBB006E1CE7 /* Debug */,
				4426D9D92FBF4FBB006E1CE7 /* Release */,
			);
			defaultConfigurationIsVisible = 0;
			defaultConfigurationName = Release;
		};
		44556FCE2BC96D6000E92413 /* Build configuration list for PBXProject "PushwooshSampleApp" */ = {
			isa = XCConfigurationList;
			buildConfigurations = (
				44556FDF2BC96D6100E92413 /* Debug */,
				44556FE02BC96D6100E92413 /* Release */,
			);
			defaultConfigurationIsVisible = 0;
			defaultConfigurationName = Release;
		};
		44556FE12BC96D6100E92413 /* Build configuration list for PBXNativeTarget "PushwooshSampleApp" */ = {
			isa = XCConfigurationList;
			buildConfigurations = (
				44556FE22BC96D6100E92413 /* Debug */,
				44556FE32BC96D6100E92413 /* Release */,
			);
			defaultConfigurationIsVisible = 0;
			defaultConfigurationName = Release;
		};
		44EDFF0B2BC98BB200ED242F /* Build configuration list for PBXNativeTarget "NotificationService" */ = {
			isa = XCConfigurationList;
			buildConfigurations = (
				44EDFF0C2BC98BB200ED242F /* Debug */,
				44EDFF0D2BC98BB200ED242F /* Release */,
			);
			defaultConfigurationIsVisible = 0;
			defaultConfigurationName = Release;
		};
		44EDFF232BCDA0CE00ED242F /* Build configuration list for PBXNativeTarget "PushwooshSampleAppTests" */ = {
			isa = XCConfigurationList;
			buildConfigurations = (
				44EDFF242BCDA0CE00ED242F /* Debug */,
				44EDFF252BCDA0CE00ED242F /* Release */,
			);
			defaultConfigurationIsVisible = 0;
			defaultConfigurationName = Release;
		};
/* End XCConfigurationList section */
	};
	rootObject = 44556FCB2BC96D6000E92413 /* Project object */;
}
